
Microsoft Visual Studio Solution File, Format Version 12.00
# Visual Studio Version 16
VisualStudioVersion = 16.0.29306.81
MinimumVisualStudioVersion = 10.0.40219.1
Project("{FAE04EC0-301F-11D3-BF4B-00C04F79EFBC}") = "Mortgage_Calculator", "Mortgage_Calculator\Mortgage_Calculator.csproj", "{A024D9BD-DB12-4D02-94BE-31168784C3A6}"
EndProject
Project("{FAE04EC0-301F-11D3-BF4B-00C04F79EFBC}") = "Mortgage_Calculator.Tests", "Mortgage_Calculator.Tests\Mortgage_Calculator.Tests.csproj", "{0FCEE02D-A7ED-4260-B340-B8A286088359}"
EndProject
Global
	GlobalSection(SolutionConfigurationPlatforms) = preSolution
		Debug|Any CPU = Debug|Any CPU
		Release|Any CPU = Release|Any CPU
	EndGlobalSection
	GlobalSection(ProjectConfigurationPlatforms) = postSolution
		{A024D9BD-DB12-4D02-94BE-31168784C3A6}.Debug|Any CPU.ActiveCfg = Debug|Any CPU
		{A024D9BD-DB12-4D02-94BE-31168784C3A6}.Debug|Any CPU.Build.0 = Debug|Any CPU
		{A024D9BD-DB12-4D02-94BE-31168784C3A6}.Release|Any CPU.ActiveCfg = Release|Any CPU
		{A024D9BD-DB12-4D02-94BE-31168784C3A6}.Release|Any CPU.Build.0 = Release|Any CPU
		{0FCEE02D-A7ED-4260-B340-B8A286088359}.Debug|Any CPU.ActiveCfg = Debug|Any CPU
		{0FCEE02D-A7ED-4260-B340-B8A286088359}.Debug|Any CPU.Build.0 = Debug|Any CPU
		{0FCEE02D-A7ED-4260-B340-B8A286088359}.Release|Any CPU.ActiveCfg = Release|Any CPU
		{0FCEE02D-A7ED-4260-B340-B8A286088359}.Release|Any CPU.Build.0 = Release|Any CPU
	EndGlobalSection
	GlobalSection(SolutionProperties) = preSolution
		HideSolutionNode = FALSE
	EndGlobalSection
	GlobalSection(ExtensibilityGlobals) = postSolution
		SolutionGuid = {EA9883F6-CB57-4830-83A0-DB0ACFACF227}
	EndGlobalSection
EndGlobal
